// !$*UTF8*$!
{
	archiveVersion = 1;
	classes = {
	};
	objectVersion = 46;
	objects = {

/* Begin PBXBuildFile section */
		D733D86D1A795D7E00DD4AA8 /* RECommonFunctions.m in Sources */ = {isa = PBXBuildFile; fileRef = D733D8681A795D7E00DD4AA8 /* RECommonFunctions.m */; };
		D733D86E1A795D7E00DD4AA8 /* RESideMenu.m in Sources */ = {isa = PBXBuildFile; fileRef = D733D86A1A795D7E00DD4AA8 /* RESideMenu.m */; };
		D733D86F1A795D7E00DD4AA8 /* UIViewController+RESideMenu.m in Sources */ = {isa = PBXBuildFile; fileRef = D733D86C1A795D7E00DD4AA8 /* UIViewController+RESideMenu.m */; };
		D733D8781A79688C00DD4AA8 /* AppImageViewController.m in Sources */ = {isa = PBXBuildFile; fileRef = D733D8761A79688C00DD4AA8 /* AppImageViewController.m */; };
		D733D8791A79688C00DD4AA8 /* AppImageViewController.xib in Resources */ = {isa = PBXBuildFile; fileRef = D733D8771A79688C00DD4AA8 /* AppImageViewController.xib */; };
		D733D87F1A79692D00DD4AA8 /* inside1.jpeg in Resources */ = {isa = PBXBuildFile; fileRef = D733D87A1A79692D00DD4AA8 /* inside1.jpeg */; };
		D733D8801A79692D00DD4AA8 /* inside2.jpg in Resources */ = {isa = PBXBuildFile; fileRef = D733D87B1A79692D00DD4AA8 /* inside2.jpg */; };
		D733D8811A79692D00DD4AA8 /* inside3.jpg in Resources */ = {isa = PBXBuildFile; fileRef = D733D87C1A79692D00DD4AA8 /* inside3.jpg */; };
		D733D8821A79692D00DD4AA8 /* inside4.jpg in Resources */ = {isa = PBXBuildFile; fileRef = D733D87D1A79692D00DD4AA8 /* inside4.jpg */; };
		D733D8831A79692D00DD4AA8 /* inside5.jpg in Resources */ = {isa = PBXBuildFile; fileRef = D733D87E1A79692D00DD4AA8 /* inside5.jpg */; };
		D733D88C1A796FE300DD4AA8 /* DEMOFirstViewController.m in Sources */ = {isa = PBXBuildFile; fileRef = D733D8851A796FE300DD4AA8 /* DEMOFirstViewController.m */; };
		D733D88D1A796FE300DD4AA8 /* DEMOSecondViewController.m in Sources */ = {isa = PBXBuildFile; fileRef = D733D8871A796FE300DD4AA8 /* DEMOSecondViewController.m */; };
		D733D88E1A796FE300DD4AA8 /* DEMOLeftMenuViewController.m in Sources */ = {isa = PBXBuildFile; fileRef = D733D8891A796FE300DD4AA8 /* DEMOLeftMenuViewController.m */; };
		D733D88F1A796FE300DD4AA8 /* DEMORightMenuViewController.m in Sources */ = {isa = PBXBuildFile; fileRef = D733D88B1A796FE300DD4AA8 /* DEMORightMenuViewController.m */; };
		D7B279691A7011A2003BD237 /* CaptureManager.m in Sources */ = {isa = PBXBuildFile; fileRef = D7B279661A7011A2003BD237 /* CaptureManager.m */; };
		D7B2796A1A7011A2003BD237 /* UIImage+Utilities.m in Sources */ = {isa = PBXBuildFile; fileRef = D7B279681A7011A2003BD237 /* UIImage+Utilities.m */; };
		D7B2796E1A7017E7003BD237 /* Plus_icon.png in Resources */ = {isa = PBXBuildFile; fileRef = D7B2796D1A7017E7003BD237 /* Plus_icon.png */; };
		D7D5C64018D5DE6B003E676B /* Foundation.framework in Frameworks */ = {isa = PBXBuildFile; fileRef = D7D5C63F18D5DE6B003E676B /* Foundation.framework */; };
		D7D5C64218D5DE6B003E676B /* CoreGraphics.framework in Frameworks */ = {isa = PBXBuildFile; fileRef = D7D5C64118D5DE6B003E676B /* CoreGraphics.framework */; };
		D7D5C64418D5DE6B003E676B /* UIKit.framework in Frameworks */ = {isa = PBXBuildFile; fileRef = D7D5C64318D5DE6B003E676B /* UIKit.framework */; };
		D7D5C64618D5DE6B003E676B /* CoreData.framework in Frameworks */ = {isa = PBXBuildFile; fileRef = D7D5C64518D5DE6B003E676B /* CoreData.framework */; };
		D7D5C64C18D5DE6B003E676B /* InfoPlist.strings in Resources */ = {isa = PBXBuildFile; fileRef = D7D5C64A18D5DE6B003E676B /* InfoPlist.strings */; };
		D7D5C64E18D5DE6B003E676B /* main.m in Sources */ = {isa = PBXBuildFile; fileRef = D7D5C64D18D5DE6B003E676B /* main.m */; };
		D7D5C65218D5DE6B003E676B /* AppDelegate.m in Sources */ = {isa = PBXBuildFile; fileRef = D7D5C65118D5DE6B003E676B /* AppDelegate.m */; };
		D7D5C65518D5DE6B003E676B /* sampleCoredta.xcdatamodeld in Sources */ = {isa = PBXBuildFile; fileRef = D7D5C65318D5DE6B003E676B /* sampleCoredta.xcdatamodeld */; };
		D7D5C65718D5DE6B003E676B /* Images.xcassets in Resources */ = {isa = PBXBuildFile; fileRef = D7D5C65618D5DE6B003E676B /* Images.xcassets */; };
		D7D5C65E18D5DE6B003E676B /* XCTest.framework in Frameworks */ = {isa = PBXBuildFile; fileRef = D7D5C65D18D5DE6B003E676B /* XCTest.framework */; };
		D7D5C65F18D5DE6B003E676B /* Foundation.framework in Frameworks */ = {isa = PBXBuildFile; fileRef = D7D5C63F18D5DE6B003E676B /* Foundation.framework */; };
		D7D5C66018D5DE6B003E676B /* UIKit.framework in Frameworks */ = {isa = PBXBuildFile; fileRef = D7D5C64318D5DE6B003E676B /* UIKit.framework */; };
		D7D5C66118D5DE6B003E676B /* CoreData.framework in Frameworks */ = {isa = PBXBuildFile; fileRef = D7D5C64518D5DE6B003E676B /* CoreData.framework */; };
		D7D5C66918D5DE6B003E676B /* InfoPlist.strings in Resources */ = {isa = PBXBuildFile; fileRef = D7D5C66718D5DE6B003E676B /* InfoPlist.strings */; };
		D7D5C66B18D5DE6C003E676B /* sampleCoredtaTests.m in Sources */ = {isa = PBXBuildFile; fileRef = D7D5C66A18D5DE6C003E676B /* sampleCoredtaTests.m */; };
		D7D5C67C18D5DFFB003E676B /* AddDataViewController.m in Sources */ = {isa = PBXBuildFile; fileRef = D7D5C67A18D5DFFB003E676B /* AddDataViewController.m */; };
		D7D5C67D18D5DFFB003E676B /* AddDataViewController.xib in Resources */ = {isa = PBXBuildFile; fileRef = D7D5C67B18D5DFFB003E676B /* AddDataViewController.xib */; };
		D7FDEA841A794FE1005EB2C8 /* AppartmentsViewController.m in Sources */ = {isa = PBXBuildFile; fileRef = D7FDEA821A794FE1005EB2C8 /* AppartmentsViewController.m */; };
		D7FDEA851A794FE1005EB2C8 /* AppartmentsViewController.xib in Resources */ = {isa = PBXBuildFile; fileRef = D7FDEA831A794FE1005EB2C8 /* AppartmentsViewController.xib */; };
		D7FDEA891A795034005EB2C8 /* LoginViewController.m in Sources */ = {isa = PBXBuildFile; fileRef = D7FDEA871A795034005EB2C8 /* LoginViewController.m */; };
		D7FDEA8A1A795034005EB2C8 /* LoginViewController.xib in Resources */ = {isa = PBXBuildFile; fileRef = D7FDEA881A795034005EB2C8 /* LoginViewController.xib */; };
		D7FDEA921A7952B0005EB2C8 /* download.jpeg in Resources */ = {isa = PBXBuildFile; fileRef = D7FDEA8B1A7952B0005EB2C8 /* download.jpeg */; };
		D7FDEA931A7952B0005EB2C8 /* images (1).jpeg in Resources */ = {isa = PBXBuildFile; fileRef = D7FDEA8C1A7952B0005EB2C8 /* images (1).jpeg */; };
		D7FDEA941A7952B0005EB2C8 /* images (2).jpeg in Resources */ = {isa = PBXBuildFile; fileRef = D7FDEA8D1A7952B0005EB2C8 /* images (2).jpeg */; };
		D7FDEA951A7952B0005EB2C8 /* images (3).jpeg in Resources */ = {isa = PBXBuildFile; fileRef = D7FDEA8E1A7952B0005EB2C8 /* images (3).jpeg */; };
		D7FDEA961A7952B0005EB2C8 /* images (4).jpeg in Resources */ = {isa = PBXBuildFile; fileRef = D7FDEA8F1A7952B0005EB2C8 /* images (4).jpeg */; };
		D7FDEA971A7952B0005EB2C8 /* images (5).jpeg in Resources */ = {isa = PBXBuildFile; fileRef = D7FDEA901A7952B0005EB2C8 /* images (5).jpeg */; };
		D7FDEA981A7952B0005EB2C8 /* images.jpeg in Resources */ = {isa = PBXBuildFile; fileRef = D7FDEA911A7952B0005EB2C8 /* images.jpeg */; };
		D7FDEA9B1A7954E7005EB2C8 /* JVFloatLabeledTextField.m in Sources */ = {isa = PBXBuildFile; fileRef = D7FDEA9A1A7954E7005EB2C8 /* JVFloatLabeledTextField.m */; };
/* End PBXBuildFile section */

/* Begin PBXContainerItemProxy section */
		D7D5C66218D5DE6B003E676B /* PBXContainerItemProxy */ = {
			isa = PBXContainerItemProxy;
			containerPortal = D7D5C63418D5DE6B003E676B /* Project object */;
			proxyType = 1;
			remoteGlobalIDString = D7D5C63B18D5DE6B003E676B;
			remoteInfo = sampleCoredta;
		};
/* End PBXContainerItemProxy section */

/* Begin PBXFileReference section */
		D733D8671A795D7E00DD4AA8 /* RECommonFunctions.h */ = {isa = PBXFileReference; fileEncoding = 4; lastKnownFileType = sourcecode.c.h; path = RECommonFunctions.h; sourceTree = "<group>"; };
		D733D8681A795D7E00DD4AA8 /* RECommonFunctions.m */ = {isa = PBXFileReference; fileEncoding = 4; lastKnownFileType = sourcecode.c.objc; path = RECommonFunctions.m; sourceTree = "<group>"; };
		D733D8691A795D7E00DD4AA8 /* RESideMenu.h */ = {isa = PBXFileReference; fileEncoding = 4; lastKnownFileType = sourcecode.c.h; path = RESideMenu.h; sourceTree = "<group>"; };
		D733D86A1A795D7E00DD4AA8 /* RESideMenu.m */ = {isa = PBXFileReference; fileEncoding = 4; lastKnownFileType = sourcecode.c.objc; path = RESideMenu.m; sourceTree = "<group>"; };
		D733D86B1A795D7E00DD4AA8 /* UIViewController+RESideMenu.h */ = {isa = PBXFileReference; fileEncoding = 4; lastKnownFileType = sourcecode.c.h; path = "UIViewController+RESideMenu.h"; sourceTree = "<group>"; };
		D733D86C1A795D7E00DD4AA8 /* UIViewController+RESideMenu.m */ = {isa = PBXFileReference; fileEncoding = 4; lastKnownFileType = sourcecode.c.objc; path = "UIViewController+RESideMenu.m"; sourceTree = "<group>"; };
		D733D8751A79688C00DD4AA8 /* AppImageViewController.h */ = {isa = PBXFileReference; fileEncoding = 4; lastKnownFileType = sourcecode.c.h; path = AppImageViewController.h; sourceTree = "<group>"; };
		D733D8761A79688C00DD4AA8 /* AppImageViewController.m */ = {isa = PBXFileReference; fileEncoding = 4; lastKnownFileType = sourcecode.c.objc; path = AppImageViewController.m; sourceTree = "<group>"; };
		D733D8771A79688C00DD4AA8 /* AppImageViewController.xib */ = {isa = PBXFileReference; fileEncoding = 4; lastKnownFileType = file.xib; path = AppImageViewController.xib; sourceTree = "<group>"; };
		D733D87A1A79692D00DD4AA8 /* inside1.jpeg */ = {isa = PBXFileReference; lastKnownFileType = image.jpeg; path = inside1.jpeg; sourceTree = "<group>"; };
		D733D87B1A79692D00DD4AA8 /* inside2.jpg */ = {isa = PBXFileReference; lastKnownFileType = image.jpeg; path = inside2.jpg; sourceTree = "<group>"; };
		D733D87C1A79692D00DD4AA8 /* inside3.jpg */ = {isa = PBXFileReference; lastKnownFileType = image.jpeg; path = inside3.jpg; sourceTree = "<group>"; };
		D733D87D1A79692D00DD4AA8 /* inside4.jpg */ = {isa = PBXFileReference; lastKnownFileType = image.jpeg; path = inside4.jpg; sourceTree = "<group>"; };
		D733D87E1A79692D00DD4AA8 /* inside5.jpg */ = {isa = PBXFileReference; lastKnownFileType = image.jpeg; path = inside5.jpg; sourceTree = "<group>"; };
		D733D8841A796FE300DD4AA8 /* DEMOFirstViewController.h */ = {isa = PBXFileReference; fileEncoding = 4; lastKnownFileType = sourcecode.c.h; path = DEMOFirstViewController.h; sourceTree = "<group>"; };
		D733D8851A796FE300DD4AA8 /* DEMOFirstViewController.m */ = {isa = PBXFileReference; fileEncoding = 4; lastKnownFileType = sourcecode.c.objc; path = DEMOFirstViewController.m; sourceTree = "<group>"; };
		D733D8861A796FE300DD4AA8 /* DEMOSecondViewController.h */ = {isa = PBXFileReference; fileEncoding = 4; lastKnownFileType = sourcecode.c.h; path = DEMOSecondViewController.h; sourceTree = "<group>"; };
		D733D8871A796FE300DD4AA8 /* DEMOSecondViewController.m */ = {isa = PBXFileReference; fileEncoding = 4; lastKnownFileType = sourcecode.c.objc; path = DEMOSecondViewController.m; sourceTree = "<group>"; };
		D733D8881A796FE300DD4AA8 /* DEMOLeftMenuViewController.h */ = {isa = PBXFileReference; fileEncoding = 4; lastKnownFileType = sourcecode.c.h; path = DEMOLeftMenuViewController.h; sourceTree = "<group>"; };
		D733D8891A796FE300DD4AA8 /* DEMOLeftMenuViewController.m */ = {isa = PBXFileReference; fileEncoding = 4; lastKnownFileType = sourcecode.c.objc; path = DEMOLeftMenuViewController.m; sourceTree = "<group>"; };
		D733D88A1A796FE300DD4AA8 /* DEMORightMenuViewController.h */ = {isa = PBXFileReference; fileEncoding = 4; lastKnownFileType = sourcecode.c.h; path = DEMORightMenuViewController.h; sourceTree = "<group>"; };
		D733D88B1A796FE300DD4AA8 /* DEMORightMenuViewController.m */ = {isa = PBXFileReference; fileEncoding = 4; lastKnownFileType = sourcecode.c.objc; path = DEMORightMenuViewController.m; sourceTree = "<group>"; };
		D7B279651A7011A2003BD237 /* CaptureManager.h */ = {isa = PBXFileReference; fileEncoding = 4; lastKnownFileType = sourcecode.c.h; path = CaptureManager.h; sourceTree = "<group>"; };
		D7B279661A7011A2003BD237 /* CaptureManager.m */ = {isa = PBXFileReference; fileEncoding = 4; lastKnownFileType = sourcecode.c.objc; path = CaptureManager.m; sourceTree = "<group>"; };
		D7B279671A7011A2003BD237 /* UIImage+Utilities.h */ = {isa = PBXFileReference; fileEncoding = 4; lastKnownFileType = sourcecode.c.h; path = "UIImage+Utilities.h"; sourceTree = "<group>"; };
		D7B279681A7011A2003BD237 /* UIImage+Utilities.m */ = {isa = PBXFileReference; fileEncoding = 4; lastKnownFileType = sourcecode.c.objc; path = "UIImage+Utilities.m"; sourceTree = "<group>"; };
		D7B2796D1A7017E7003BD237 /* Plus_icon.png */ = {isa = PBXFileReference; lastKnownFileType = image.png; path = Plus_icon.png; sourceTree = "<group>"; };
		D7D5C63C18D5DE6B003E676B /* sampleCoredta.app */ = {isa = PBXFileReference; explicitFileType = wrapper.application; includeInIndex = 0; path = sampleCoredta.app; sourceTree = BUILT_PRODUCTS_DIR; };
		D7D5C63F18D5DE6B003E676B /* Foundation.framework */ = {isa = PBXFileReference; lastKnownFileType = wrapper.framework; name = Foundation.framework; path = System/Library/Frameworks/Foundation.framework; sourceTree = SDKROOT; };
		D7D5C64118D5DE6B003E676B /* CoreGraphics.framework */ = {isa = PBXFileReference; lastKnownFileType = wrapper.framework; name = CoreGraphics.framework; path = System/Library/Frameworks/CoreGraphics.framework; sourceTree = SDKROOT; };
		D7D5C64318D5DE6B003E676B /* UIKit.framework */ = {isa = PBXFileReference; lastKnownFileType = wrapper.framework; name = UIKit.framework; path = System/Library/Frameworks/UIKit.framework; sourceTree = SDKROOT; };
		D7D5C64518D5DE6B003E676B /* CoreData.framework */ = {isa = PBXFileReference; lastKnownFileType = wrapper.framework; name = CoreData.framework; path = System/Library/Frameworks/CoreData.framework; sourceTree = SDKROOT; };
		D7D5C64918D5DE6B003E676B /* sampleCoredta-Info.plist */ = {isa = PBXFileReference; lastKnownFileType = text.plist.xml; path = "sampleCoredta-Info.plist"; sourceTree = "<group>"; };
		D7D5C64B18D5DE6B003E676B /* en */ = {isa = PBXFileReference; lastKnownFileType = text.plist.strings; name = en; path = en.lproj/InfoPlist.strings; sourceTree = "<group>"; };
		D7D5C64D18D5DE6B003E676B /* main.m */ = {isa = PBXFileReference; lastKnownFileType = sourcecode.c.objc; path = main.m; sourceTree = "<group>"; };
		D7D5C64F18D5DE6B003E676B /* sampleCoredta-Prefix.pch */ = {isa = PBXFileReference; lastKnownFileType = sourcecode.c.h; path = "sampleCoredta-Prefix.pch"; sourceTree = "<group>"; };
		D7D5C65018D5DE6B003E676B /* AppDelegate.h */ = {isa = PBXFileReference; lastKnownFileType = sourcecode.c.h; path = AppDelegate.h; sourceTree = "<group>"; };
		D7D5C65118D5DE6B003E676B /* AppDelegate.m */ = {isa = PBXFileReference; lastKnownFileType = sourcecode.c.objc; path = AppDelegate.m; sourceTree = "<group>"; };
		D7D5C65418D5DE6B003E676B /* sampleCoredta.xcdatamodel */ = {isa = PBXFileReference; lastKnownFileType = wrapper.xcdatamodel; path = sampleCoredta.xcdatamodel; sourceTree = "<group>"; };
		D7D5C65618D5DE6B003E676B /* Images.xcassets */ = {isa = PBXFileReference; lastKnownFileType = folder.assetcatalog; path = Images.xcassets; sourceTree = "<group>"; };
		D7D5C65C18D5DE6B003E676B /* sampleCoredtaTests.xctest */ = {isa = PBXFileReference; explicitFileType = wrapper.cfbundle; includeInIndex = 0; path = sampleCoredtaTests.xctest; sourceTree = BUILT_PRODUCTS_DIR; };
		D7D5C65D18D5DE6B003E676B /* XCTest.framework */ = {isa = PBXFileReference; lastKnownFileType = wrapper.framework; name = XCTest.framework; path = Library/Frameworks/XCTest.framework; sourceTree = DEVELOPER_DIR; };
		D7D5C66618D5DE6B003E676B /* sampleCoredtaTests-Info.plist */ = {isa = PBXFileReference; lastKnownFileType = text.plist.xml; path = "sampleCoredtaTests-Info.plist"; sourceTree = "<group>"; };
		D7D5C66818D5DE6B003E676B /* en */ = {isa = PBXFileReference; lastKnownFileType = text.plist.strings; name = en; path = en.lproj/InfoPlist.strings; sourceTree = "<group>"; };
		D7D5C66A18D5DE6C003E676B /* sampleCoredtaTests.m */ = {isa = PBXFileReference; lastKnownFileType = sourcecode.c.objc; path = sampleCoredtaTests.m; sourceTree = "<group>"; };
		D7D5C67918D5DFFB003E676B /* AddDataViewController.h */ = {isa = PBXFileReference; fileEncoding = 4; lastKnownFileType = sourcecode.c.h; path = AddDataViewController.h; sourceTree = "<group>"; };
		D7D5C67A18D5DFFB003E676B /* AddDataViewController.m */ = {isa = PBXFileReference; fileEncoding = 4; lastKnownFileType = sourcecode.c.objc; path = AddDataViewController.m; sourceTree = "<group>"; };
		D7D5C67B18D5DFFB003E676B /* AddDataViewController.xib */ = {isa = PBXFileReference; fileEncoding = 4; lastKnownFileType = file.xib; path = AddDataViewController.xib; sourceTree = "<group>"; };
		D7FDEA811A794FE1005EB2C8 /* AppartmentsViewController.h */ = {isa = PBXFileReference; fileEncoding = 4; lastKnownFileType = sourcecode.c.h; path = AppartmentsViewController.h; sourceTree = "<group>"; };
		D7FDEA821A794FE1005EB2C8 /* AppartmentsViewController.m */ = {isa = PBXFileReference; fileEncoding = 4; lastKnownFileType = sourcecode.c.objc; path = AppartmentsViewController.m; sourceTree = "<group>"; };
		D7FDEA831A794FE1005EB2C8 /* AppartmentsViewController.xib */ = {isa = PBXFileReference; fileEncoding = 4; lastKnownFileType = file.xib; path = AppartmentsViewController.xib; sourceTree = "<group>"; };
		D7FDEA861A795034005EB2C8 /* LoginViewController.h */ = {isa = PBXFileReference; fileEncoding = 4; lastKnownFileType = sourcecode.c.h; path = LoginViewController.h; sourceTree = "<group>"; };
		D7FDEA871A795034005EB2C8 /* LoginViewController.m */ = {isa = PBXFileReference; fileEncoding = 4; lastKnownFileType = sourcecode.c.objc; path = LoginViewController.m; sourceTree = "<group>"; };
		D7FDEA881A795034005EB2C8 /* LoginViewController.xib */ = {isa = PBXFileReference; fileEncoding = 4; lastKnownFileType = file.xib; path = LoginViewController.xib; sourceTree = "<group>"; };
		D7FDEA8B1A7952B0005EB2C8 /* download.jpeg */ = {isa = PBXFileReference; lastKnownFileType = image.jpeg; path = download.jpeg; sourceTree = "<group>"; };
		D7FDEA8C1A7952B0005EB2C8 /* images (1).jpeg */ = {isa = PBXFileReference; lastKnownFileType = image.jpeg; path = "images (1).jpeg"; sourceTree = "<group>"; };
		D7FDEA8D1A7952B0005EB2C8 /* images (2).jpeg */ = {isa = PBXFileReference; lastKnownFileType = image.jpeg; path = "images (2).jpeg"; sourceTree = "<group>"; };
		D7FDEA8E1A7952B0005EB2C8 /* images (3).jpeg */ = {isa = PBXFileReference; lastKnownFileType = image.jpeg; path = "images (3).jpeg"; sourceTree = "<group>"; };
		D7FDEA8F1A7952B0005EB2C8 /* images (4).jpeg */ = {isa = PBXFileReference; lastKnownFileType = image.jpeg; path = "images (4).jpeg"; sourceTree = "<group>"; };
		D7FDEA901A7952B0005EB2C8 /* images (5).jpeg */ = {isa = PBXFileReference; lastKnownFileType = image.jpeg; path = "images (5).jpeg"; sourceTree = "<group>"; };
		D7FDEA911A7952B0005EB2C8 /* images.jpeg */ = {isa = PBXFileReference; lastKnownFileType = image.jpeg; path = images.jpeg; sourceTree = "<group>"; };
		D7FDEA991A7954E7005EB2C8 /* JVFloatLabeledTextField.h */ = {isa = PBXFileReference; fileEncoding = 4; lastKnownFileType = sourcecode.c.h; path = JVFloatLabeledTextField.h; sourceTree = "<group>"; };
		D7FDEA9A1A7954E7005EB2C8 /* JVFloatLabeledTextField.m */ = {isa = PBXFileReference; fileEncoding = 4; lastKnownFileType = sourcecode.c.objc; path = JVFloatLabeledTextField.m; sourceTree = "<group>"; };
/* End PBXFileReference section */

/* Begin PBXFrameworksBuildPhase section */
		D7D5C63918D5DE6B003E676B /* Frameworks */ = {
			isa = PBXFrameworksBuildPhase;
			buildActionMask = 2147483647;
			files = (
				D7D5C64218D5DE6B003E676B /* CoreGraphics.framework in Frameworks */,
				D7D5C64618D5DE6B003E676B /* CoreData.framework in Frameworks */,
				D7D5C64418D5DE6B003E676B /* UIKit.framework in Frameworks */,
				D7D5C64018D5DE6B003E676B /* Foundation.framework in Frameworks */,
			);
			runOnlyForDeploymentPostprocessing = 0;
		};
		D7D5C65918D5DE6B003E676B /* Frameworks */ = {
			isa = PBXFrameworksBuildPhase;
			buildActionMask = 2147483647;
			files = (
				D7D5C65E18D5DE6B003E676B /* XCTest.framework in Frameworks */,
				D7D5C66118D5DE6B003E676B /* CoreData.framework in Frameworks */,
				D7D5C66018D5DE6B003E676B /* UIKit.framework in Frameworks */,
				D7D5C65F18D5DE6B003E676B /* Foundation.framework in Frameworks */,
			);
			runOnlyForDeploymentPostprocessing = 0;
		};
/* End PBXFrameworksBuildPhase section */

/* Begin PBXGroup section */
		D7D5C63318D5DE6B003E676B = {
			isa = PBXGroup;
			children = (
				D7D5C64718D5DE6B003E676B /* sampleCoredta */,
				D7D5C66418D5DE6B003E676B /* sampleCoredtaTests */,
				D7D5C63E18D5DE6B003E676B /* Frameworks */,
				D7D5C63D18D5DE6B003E676B /* Products */,
			);
			sourceTree = "<group>";
		};
		D7D5C63D18D5DE6B003E676B /* Products */ = {
			isa = PBXGroup;
			children = (
				D7D5C63C18D5DE6B003E676B /* sampleCoredta.app */,
				D7D5C65C18D5DE6B003E676B /* sampleCoredtaTests.xctest */,
			);
			name = Products;
			sourceTree = "<group>";
		};
		D7D5C63E18D5DE6B003E676B /* Frameworks */ = {
			isa = PBXGroup;
			children = (
				D7D5C63F18D5DE6B003E676B /* Foundation.framework */,
				D7D5C64118D5DE6B003E676B /* CoreGraphics.framework */,
				D7D5C64318D5DE6B003E676B /* UIKit.framework */,
				D7D5C64518D5DE6B003E676B /* CoreData.framework */,
				D7D5C65D18D5DE6B003E676B /* XCTest.framework */,
			);
			name = Frameworks;
			sourceTree = "<group>";
		};
		D7D5C64718D5DE6B003E676B /* sampleCoredta */ = {
			isa = PBXGroup;
			children = (
				D733D87A1A79692D00DD4AA8 /* inside1.jpeg */,
				D733D87B1A79692D00DD4AA8 /* inside2.jpg */,
				D733D87C1A79692D00DD4AA8 /* inside3.jpg */,
				D733D87D1A79692D00DD4AA8 /* inside4.jpg */,
				D733D87E1A79692D00DD4AA8 /* inside5.jpg */,
				D7FDEA8B1A7952B0005EB2C8 /* download.jpeg */,
				D7FDEA8C1A7952B0005EB2C8 /* images (1).jpeg */,
				D7FDEA8D1A7952B0005EB2C8 /* images (2).jpeg */,
				D7FDEA8E1A7952B0005EB2C8 /* images (3).jpeg */,
				D7FDEA8F1A7952B0005EB2C8 /* images (4).jpeg */,
				D7FDEA901A7952B0005EB2C8 /* images (5).jpeg */,
				D7FDEA911A7952B0005EB2C8 /* images.jpeg */,
				D733D8671A795D7E00DD4AA8 /* RECommonFunctions.h */,
				D733D8681A795D7E00DD4AA8 /* RECommonFunctions.m */,
				D733D8691A795D7E00DD4AA8 /* RESideMenu.h */,
				D733D86A1A795D7E00DD4AA8 /* RESideMenu.m */,
				D733D86B1A795D7E00DD4AA8 /* UIViewController+RESideMenu.h */,
				D733D86C1A795D7E00DD4AA8 /* UIViewController+RESideMenu.m */,
				D7FDEA991A7954E7005EB2C8 /* JVFloatLabeledTextField.h */,
				D7FDEA9A1A7954E7005EB2C8 /* JVFloatLabeledTextField.m */,
				D7D5C65018D5DE6B003E676B /* AppDelegate.h */,
				D7D5C65118D5DE6B003E676B /* AppDelegate.m */,
				D733D8751A79688C00DD4AA8 /* AppImageViewController.h */,
				D733D8761A79688C00DD4AA8 /* AppImageViewController.m */,
				D733D8771A79688C00DD4AA8 /* AppImageViewController.xib */,
				D7D5C65618D5DE6B003E676B /* Images.xcassets */,
				D7B2796D1A7017E7003BD237 /* Plus_icon.png */,
				D7D5C65318D5DE6B003E676B /* sampleCoredta.xcdatamodeld */,
				D7B279651A7011A2003BD237 /* CaptureManager.h */,
				D7B279661A7011A2003BD237 /* CaptureManager.m */,
				D7B279671A7011A2003BD237 /* UIImage+Utilities.h */,
				D7B279681A7011A2003BD237 /* UIImage+Utilities.m */,
				D7FDEA861A795034005EB2C8 /* LoginViewController.h */,
				D7FDEA871A795034005EB2C8 /* LoginViewController.m */,
				D7FDEA881A795034005EB2C8 /* LoginViewController.xib */,
				D7FDEA811A794FE1005EB2C8 /* AppartmentsViewController.h */,
				D7FDEA821A794FE1005EB2C8 /* AppartmentsViewController.m */,
				D7FDEA831A794FE1005EB2C8 /* AppartmentsViewController.xib */,
				D733D8841A796FE300DD4AA8 /* DEMOFirstViewController.h */,
				D733D8851A796FE300DD4AA8 /* DEMOFirstViewController.m */,
				D733D8861A796FE300DD4AA8 /* DEMOSecondViewController.h */,
				D733D8871A796FE300DD4AA8 /* DEMOSecondViewController.m */,
				D733D8881A796FE300DD4AA8 /* DEMOLeftMenuViewController.h */,
				D733D8891A796FE300DD4AA8 /* DEMOLeftMenuViewController.m */,
				D733D88A1A796FE300DD4AA8 /* DEMORightMenuViewController.h */,
				D733D88B1A796FE300DD4AA8 /* DEMORightMenuViewController.m */,
				D7D5C64818D5DE6B003E676B /* Supporting Files */,
				D7D5C67918D5DFFB003E676B /* AddDataViewController.h */,
				D7D5C67A18D5DFFB003E676B /* AddDataViewController.m */,
				D7D5C67B18D5DFFB003E676B /* AddDataViewController.xib */,
			);
			path = sampleCoredta;
			sourceTree = "<group>";
		};
		D7D5C64818D5DE6B003E676B /* Supporting Files */ = {
			isa = PBXGroup;
			children = (
				D7D5C64918D5DE6B003E676B /* sampleCoredta-Info.plist */,
				D7D5C64A18D5DE6B003E676B /* InfoPlist.strings */,
				D7D5C64D18D5DE6B003E676B /* main.m */,
				D7D5C64F18D5DE6B003E676B /* sampleCoredta-Prefix.pch */,
			);
			name = "Supporting Files";
			sourceTree = "<group>";
		};
		D7D5C66418D5DE6B003E676B /* sampleCoredtaTests */ = {
			isa = PBXGroup;
			children = (
				D7D5C66A18D5DE6C003E676B /* sampleCoredtaTests.m */,
				D7D5C66518D5DE6B003E676B /* Supporting Files */,
			);
			path = sampleCoredtaTests;
			sourceTree = "<group>";
		};
		D7D5C66518D5DE6B003E676B /* Supporting Files */ = {
			isa = PBXGroup;
			children = (
				D7D5C66618D5DE6B003E676B /* sampleCoredtaTests-Info.plist */,
				D7D5C66718D5DE6B003E676B /* InfoPlist.strings */,
			);
			name = "Supporting Files";
			sourceTree = "<group>";
		};
/* End PBXGroup section */

/* Begin PBXNativeTarget section */
		D7D5C63B18D5DE6B003E676B /* sampleCoredta */ = {
			isa = PBXNativeTarget;
			buildConfigurationList = D7D5C66E18D5DE6C003E676B /* Build configuration list for PBXNativeTarget "sampleCoredta" */;
			buildPhases = (
				D7D5C63818D5DE6B003E676B /* Sources */,
				D7D5C63918D5DE6B003E676B /* Frameworks */,
				D7D5C63A18D5DE6B003E676B /* Resources */,
			);
			buildRules = (
			);
			dependencies = (
			);
			name = sampleCoredta;
			productName = sampleCoredta;
			productReference = D7D5C63C18D5DE6B003E676B /* sampleCoredta.app */;
			productType = "com.apple.product-type.application";
		};
		D7D5C65B18D5DE6B003E676B /* sampleCoredtaTests */ = {
			isa = PBXNativeTarget;
			buildConfigurationList = D7D5C67118D5DE6C003E676B /* Build configuration list for PBXNativeTarget "sampleCoredtaTests" */;
			buildPhases = (
				D7D5C65818D5DE6B003E676B /* Sources */,
				D7D5C65918D5DE6B003E676B /* Frameworks */,
				D7D5C65A18D5DE6B003E676B /* Resources */,
			);
			buildRules = (
			);
			dependencies = (
				D7D5C66318D5DE6B003E676B /* PBXTargetDependency */,
			);
			name = sampleCoredtaTests;
			productName = sampleCoredtaTests;
			productReference = D7D5C65C18D5DE6B003E676B /* sampleCoredtaTests.xctest */;
			productType = "com.apple.product-type.bundle.unit-test";
		};
/* End PBXNativeTarget section */

/* Begin PBXProject section */
		D7D5C63418D5DE6B003E676B /* Project object */ = {
			isa = PBXProject;
			attributes = {
				LastUpgradeCheck = 0500;
				ORGANIZATIONNAME = DVReddy;
				TargetAttributes = {
					D7D5C65B18D5DE6B003E676B = {
						TestTargetID = D7D5C63B18D5DE6B003E676B;
					};
				};
			};
			buildConfigurationList = D7D5C63718D5DE6B003E676B /* Build configuration list for PBXProject "sampleCoredta" */;
			compatibilityVersion = "Xcode 3.2";
			developmentRegion = English;
			hasScannedForEncodings = 0;
			knownRegions = (
				en,
			);
			mainGroup = D7D5C63318D5DE6B003E676B;
			productRefGroup = D7D5C63D18D5DE6B003E676B /* Products */;
			projectDirPath = "";
			projectRoot = "";
			targets = (
				D7D5C63B18D5DE6B003E676B /* sampleCoredta */,
				D7D5C65B18D5DE6B003E676B /* sampleCoredtaTests */,
			);
		};
/* End PBXProject section */

/* Begin PBXResourcesBuildPhase section */
		D7D5C63A18D5DE6B003E676B /* Resources */ = {
			isa = PBXResourcesBuildPhase;
			buildActionMask = 2147483647;
			files = (
				D7FDEA941A7952B0005EB2C8 /* images (2).jpeg in Resources */,
				D7FDEA851A794FE1005EB2C8 /* AppartmentsViewController.xib in Resources */,
				D7B2796E1A7017E7003BD237 /* Plus_icon.png in Resources */,
				D7FDEA951A7952B0005EB2C8 /* images (3).jpeg in Resources */,
				D733D8791A79688C00DD4AA8 /* AppImageViewController.xib in Resources */,
				D7FDEA921A7952B0005EB2C8 /* download.jpeg in Resources */,
				D733D8821A79692D00DD4AA8 /* inside4.jpg in Resources */,
				D7FDEA931A7952B0005EB2C8 /* images (1).jpeg in Resources */,
				D7FDEA8A1A795034005EB2C8 /* LoginViewController.xib in Resources */,
				D733D8801A79692D00DD4AA8 /* inside2.jpg in Resources */,
				D733D8831A79692D00DD4AA8 /* inside5.jpg in Resources */,
				D733D8811A79692D00DD4AA8 /* inside3.jpg in Resources */,
				D7FDEA971A7952B0005EB2C8 /* images (5).jpeg in Resources */,
				D7FDEA981A7952B0005EB2C8 /* images.jpeg in Resources */,
				D7D5C64C18D5DE6B003E676B /* InfoPlist.strings in Resources */,
				D7FDEA961A7952B0005EB2C8 /* images (4).jpeg in Resources */,
				D7D5C67D18D5DFFB003E676B /* AddDataViewController.xib in Resources */,
				D7D5C65718D5DE6B003E676B /* Images.xcassets in Resources */,
				D733D87F1A79692D00DD4AA8 /* inside1.jpeg in Resources */,
			);
			runOnlyForDeploymentPostprocessing = 0;
		};
		D7D5C65A18D5DE6B003E676B /* Resources */ = {
			isa = PBXResourcesBuildPhase;
			buildActionMask = 2147483647;
			files = (
				D7D5C66918D5DE6B003E676B /* InfoPlist.strings in Resources */,
			);
			runOnlyForDeploymentPostprocessing = 0;
		};
/* End PBXResourcesBuildPhase section */

/* Begin PBXSourcesBuildPhase section */
		D7D5C63818D5DE6B003E676B /* Sources */ = {
			isa = PBXSourcesBuildPhase;
			buildActionMask = 2147483647;
			files = (
				D7FDEA9B1A7954E7005EB2C8 /* JVFloatLabeledTextField.m in Sources */,
				D733D86D1A795D7E00DD4AA8 /* RECommonFunctions.m in Sources */,
				D733D88D1A796FE300DD4AA8 /* DEMOSecondViewController.m in Sources */,
				D7FDEA891A795034005EB2C8 /* LoginViewController.m in Sources */,
				D733D86E1A795D7E00DD4AA8 /* RESideMenu.m in Sources */,
				D7D5C67C18D5DFFB003E676B /* AddDataViewController.m in Sources */,
				D733D86F1A795D7E00DD4AA8 /* UIViewController+RESideMenu.m in Sources */,
				D7D5C65218D5DE6B003E676B /* AppDelegate.m in Sources */,
				D733D8781A79688C00DD4AA8 /* AppImageViewController.m in Sources */,
				D7B279691A7011A2003BD237 /* CaptureManager.m in Sources */,
				D7D5C65518D5DE6B003E676B /* sampleCoredta.xcdatamodeld in Sources */,
				D733D88F1A796FE300DD4AA8 /* DEMORightMenuViewController.m in Sources */,
				D733D88E1A796FE300DD4AA8 /* DEMOLeftMenuViewController.m in Sources */,
				D7FDEA841A794FE1005EB2C8 /* AppartmentsViewController.m in Sources */,
				D7B2796A1A7011A2003BD237 /* UIImage+Utilities.m in Sources */,
				D733D88C1A796FE300DD4AA8 /* DEMOFirstViewController.m in Sources */,
				D7D5C64E18D5DE6B003E676B /* main.m in Sources */,
			);
			runOnlyForDeploymentPostprocessing = 0;
		};
		D7D5C65818D5DE6B003E676B /* Sources */ = {
			isa = PBXSourcesBuildPhase;
			buildActionMask = 2147483647;
			files = (
				D7D5C66B18D5DE6C003E676B /* sampleCoredtaTests.m in Sources */,
			);
			runOnlyForDeploymentPostprocessing = 0;
		};
/* End PBXSourcesBuildPhase section */

/* Begin PBXTargetDependency section */
		D7D5C66318D5DE6B003E676B /* PBXTargetDependency */ = {
			isa = PBXTargetDependency;
			target = D7D5C63B18D5DE6B003E676B /* sampleCoredta */;
			targetProxy = D7D5C66218D5DE6B003E676B /* PBXContainerItemProxy */;
		};
/* End PBXTargetDependency section */

/* Begin PBXVariantGroup section */
		D7D5C64A18D5DE6B003E676B /* InfoPlist.strings */ = {
			isa = PBXVariantGroup;
			children = (
				D7D5C64B18D5DE6B003E676B /* en */,
			);
			name = InfoPlist.strings;
			sourceTree = "<group>";
		};
		D7D5C66718D5DE6B003E676B /* InfoPlist.strings */ = {
			isa = PBXVariantGroup;
			children = (
				D7D5C66818D5DE6B003E676B /* en */,
			);
			name = InfoPlist.strings;
			sourceTree = "<group>";
		};
/* End PBXVariantGroup section */

/* Begin XCBuildConfiguration section */
		D7D5C66C18D5DE6C003E676B /* Debug */ = {
			isa = XCBuildConfiguration;
			buildSettings = {
				ALWAYS_SEARCH_USER_PATHS = NO;
				ARCHS = "$(ARCHS_STANDARD_INCLUDING_64_BIT)";
				CLANG_CXX_LANGUAGE_STANDARD = "gnu++0x";
				CLANG_CXX_LIBRARY = "libc++";
				CLANG_ENABLE_MODULES = YES;
				CLANG_ENABLE_OBJC_ARC = YES;
				CLANG_WARN_BOOL_CONVERSION = YES;
				CLANG_WARN_CONSTANT_CONVERSION = YES;
				CLANG_WARN_DIRECT_OBJC_ISA_USAGE = YES_ERROR;
				CLANG_WARN_EMPTY_BODY = YES;
				CLANG_WARN_ENUM_CONVERSION = YES;
				CLANG_WARN_INT_CONVERSION = YES;
				CLANG_WARN_OBJC_ROOT_CLASS = YES_ERROR;
				CLANG_WARN__DUPLICATE_METHOD_MATCH = YES;
				"CODE_SIGN_IDENTITY[sdk=iphoneos*]" = "iPhone Developer";
				COPY_PHASE_STRIP = NO;
				GCC_C_LANGUAGE_STANDARD = gnu99;
				GCC_DYNAMIC_NO_PIC = NO;
				GCC_OPTIMIZATION_LEVEL = 0;
				GCC_PREPROCESSOR_DEFINITIONS = (
					"DEBUG=1",
					"$(inherited)",
				);
				GCC_SYMBOLS_PRIVATE_EXTERN = NO;
				GCC_WARN_64_TO_32_BIT_CONVERSION = YES;
				GCC_WARN_ABOUT_RETURN_TYPE = YES_ERROR;
				GCC_WARN_UNDECLARED_SELECTOR = YES;
				GCC_WARN_UNINITIALIZED_AUTOS = YES;
				GCC_WARN_UNUSED_FUNCTION = YES;
				GCC_WARN_UNUSED_VARIABLE = YES;
				IPHONEOS_DEPLOYMENT_TARGET = 7.0;
				ONLY_ACTIVE_ARCH = YES;
				SDKROOT = iphoneos;
			};
			name = Debug;
		};
		D7D5C66D18D5DE6C003E676B /* Release */ = {
			isa = XCBuildConfiguration;
			buildSettings = {
				ALWAYS_SEARCH_USER_PATHS = NO;
				ARCHS = "$(ARCHS_STANDARD_INCLUDING_64_BIT)";
				CLANG_CXX_LANGUAGE_STANDARD = "gnu++0x";
				CLANG_CXX_LIBRARY = "libc++";
				CLANG_ENABLE_MODULES = YES;
				CLANG_ENABLE_OBJC_ARC = YES;
				CLANG_WARN_BOOL_CONVERSION = YES;
				CLANG_WARN_CONSTANT_CONVERSION = YES;
				CLANG_WARN_DIRECT_OBJC_ISA_USAGE = YES_ERROR;
				CLANG_WARN_EMPTY_BODY = YES;
				CLANG_WARN_ENUM_CONVERSION = YES;
				CLANG_WARN_INT_CONVERSION = YES;
				CLANG_WARN_OBJC_ROOT_CLASS = YES_ERROR;
				CLANG_WARN__DUPLICATE_METHOD_MATCH = YES;
				"CODE_SIGN_IDENTITY[sdk=iphoneos*]" = "iPhone Developer";
				COPY_PHASE_STRIP = YES;
				ENABLE_NS_ASSERTIONS = NO;
				GCC_C_LANGUAGE_STANDARD = gnu99;
				GCC_WARN_64_TO_32_BIT_CONVERSION = YES;
				GCC_WARN_ABOUT_RETURN_TYPE = YES_ERROR;
				GCC_WARN_UNDECLARED_SELECTOR = YES;
				GCC_WARN_UNINITIALIZED_AUTOS = YES;
				GCC_WARN_UNUSED_FUNCTION = YES;
				GCC_WARN_UNUSED_VARIABLE = YES;
				IPHONEOS_DEPLOYMENT_TARGET = 7.0;
				SDKROOT = iphoneos;
				VALIDATE_PRODUCT = YES;
			};
			name = Release;
		};
		D7D5C66F18D5DE6C003E676B /* Debug */ = {
			isa = XCBuildConfiguration;
			buildSettings = {
				ASSETCATALOG_COMPILER_APPICON_NAME = AppIcon;
				ASSETCATALOG_COMPILER_LAUNCHIMAGE_NAME = LaunchImage;
				GCC_PRECOMPILE_PREFIX_HEADER = YES;
				GCC_PREFIX_HEADER = "sampleCoredta/sampleCoredta-Prefix.pch";
				INFOPLIST_FILE = "sampleCoredta/sampleCoredta-Info.plist";
				PRODUCT_NAME = "$(TARGET_NAME)";
				WRAPPER_EXTENSION = app;
			};
			name = Debug;
		};
		D7D5C67018D5DE6C003E676B /* Release */ = {
			isa = XCBuildConfiguration;
			buildSettings = {
				ASSETCATALOG_COMPILER_APPICON_NAME = AppIcon;
				ASSETCATALOG_COMPILER_LAUNCHIMAGE_NAME = LaunchImage;
				GCC_PRECOMPILE_PREFIX_HEADER = YES;
				GCC_PREFIX_HEADER = "sampleCoredta/sampleCoredta-Prefix.pch";
				INFOPLIST_FILE = "sampleCoredta/sampleCoredta-Info.plist";
				PRODUCT_NAME = "$(TARGET_NAME)";
				WRAPPER_EXTENSION = app;
			};
			name = Release;
		};
		D7D5C67218D5DE6C003E676B /* Debug */ = {
			isa = XCBuildConfiguration;
			buildSettings = {
				ARCHS = "$(ARCHS_STANDARD_INCLUDING_64_BIT)";
				BUNDLE_LOADER = "$(BUILT_PRODUCTS_DIR)/sampleCoredta.app/sampleCoredta";
				FRAMEWORK_SEARCH_PATHS = (
					"$(SDKROOT)/Developer/Library/Frameworks",
					"$(inherited)",
					"$(DEVELOPER_FRAMEWORKS_DIR)",
				);
				GCC_PRECOMPILE_PREFIX_HEADER = YES;
				GCC_PREFIX_HEADER = "sampleCoredta/sampleCoredta-Prefix.pch";
				GCC_PREPROCESSOR_DEFINITIONS = (
					"DEBUG=1",
					"$(inherited)",
				);
				INFOPLIST_FILE = "sampleCoredtaTests/sampleCoredtaTests-Info.plist";
				PRODUCT_NAME = "$(TARGET_NAME)";
				TEST_HOST = "$(BUNDLE_LOADER)";
				WRAPPER_EXTENSION = xctest;
			};
			name = Debug;
		};
		D7D5C67318D5DE6C003E676B /* Release */ = {
			isa = XCBuildConfiguration;
			buildSettings = {
				ARCHS = "$(ARCHS_STANDARD_INCLUDING_64_BIT)";
				BUNDLE_LOADER = "$(BUILT_PRODUCTS_DIR)/sampleCoredta.app/sampleCoredta";
				FRAMEWORK_SEARCH_PATHS = (
					"$(SDKROOT)/Developer/Library/Frameworks",
					"$(inherited)",
					"$(DEVELOPER_FRAMEWORKS_DIR)",
				);
				GCC_PRECOMPILE_PREFIX_HEADER = YES;
				GCC_PREFIX_HEADER = "sampleCoredta/sampleCoredta-Prefix.pch";
				INFOPLIST_FILE = "sampleCoredtaTests/sampleCoredtaTests-Info.plist";
				PRODUCT_NAME = "$(TARGET_NAME)";
				TEST_HOST = "$(BUNDLE_LOADER)";
				WRAPPER_EXTENSION = xctest;
			};
			name = Release;
		};
/* End XCBuildConfiguration section */

/* Begin XCConfigurationList section */
		D7D5C63718D5DE6B003E676B /* Build configuration list for PBXProject "sampleCoredta" */ = {
			isa = XCConfigurationList;
			buildConfigurations = (
				D7D5C66C18D5DE6C003E676B /* Debug */,
				D7D5C66D18D5DE6C003E676B /* Release */,
			);
			defaultConfigurationIsVisible = 0;
			defaultConfigurationName = Release;
		};
		D7D5C66E18D5DE6C003E676B /* Build configuration list for PBXNativeTarget "sampleCoredta" */ = {
			isa = XCConfigurationList;
			buildConfigurations = (
				D7D5C66F18D5DE6C003E676B /* Debug */,
				D7D5C67018D5DE6C003E676B /* Release */,
			);
			defaultConfigurationIsVisible = 0;
			defaultConfigurationName = Release;
		};
		D7D5C67118D5DE6C003E676B /* Build configuration list for PBXNativeTarget "sampleCoredtaTests" */ = {
			isa = XCConfigurationList;
			buildConfigurations = (
				D7D5C67218D5DE6C003E676B /* Debug */,
				D7D5C67318D5DE6C003E676B /* Release */,
			);
			defaultConfigurationIsVisible = 0;
			defaultConfigurationName = Release;
		};
/* End XCConfigurationList section */

/* Begin XCVersionGroup section */
		D7D5C65318D5DE6B003E676B /* sampleCoredta.xcdatamodeld */ = {
			isa = XCVersionGroup;
			children = (
				D7D5C65418D5DE6B003E676B /* sampleCoredta.xcdatamodel */,
			);
			currentVersion = D7D5C65418D5DE6B003E676B /* sampleCoredta.xcdatamodel */;
			path = sampleCoredta.xcdatamodeld;
			sourceTree = "<group>";
			versionGroupType = wrapper.xcdatamodel;
		};
/* End XCVersionGroup section */
	};
	rootObject = D7D5C63418D5DE6B003E676B /* Project object */;
}
