// !$*UTF8*$!
{
	archiveVersion = 1;
	classes = {
	};
	objectVersion = 46;
	objects = {

/* Begin PBXBuildFile section */
		D7B279691A7011A2003BD237 /* CaptureManager.m in Sources */ = {isa = PBXBuildFile; fileRef = D7B279661A7011A2003BD237 /* CaptureManager.m */; };
		D7B2796A1A7011A2003BD237 /* UIImage+Utilities.m in Sources */ = {isa = PBXBuildFile; fileRef = D7B279681A7011A2003BD237 /* UIImage+Utilities.m */; };
		D7B2796E1A7017E7003BD237 /* Plus_icon.png in Resources */ = {isa = PBXBuildFile; fileRef = D7B2796D1A7017E7003BD237 /* Plus_icon.png */; };
		D7D5C64018D5DE6B003E676B /* Foundation.framework in Frameworks */ = {isa = PBXBuildFile; fileRef = D7D5C63F18D5DE6B003E676B /* Foundation.framework */; };
		D7D5C64218D5DE6B003E676B /* CoreGraphics.framework in Frameworks */ = {isa = PBXBuildFile; fileRef = D7D5C64118D5DE6B003E676B /* CoreGraphics.framework */; };
		D7D5C64418D5DE6B003E676B /* UIKit.framework in Frameworks */ = {isa = PBXBuildFile; fileRef = D7D5C64318D5DE6B003E676B /* UIKit.framework */; };
		D7D5C64618D5DE6B003E676B /* CoreData.framework in Frameworks */ = {isa = PBXBuildFile; fileRef = D7D5C64518D5DE6B003E676B /* CoreData.framework */; };
		D7D5C64C18D5DE6B003E676B /* InfoPlist.strings in Resources */ = {isa = PBXBuildFile; fileRef = D7D5C64A18D5DE6B003E676B /* InfoPlist.strings */; };
		D7D5C64E18D5DE6B003E676B /* main.m in Sources */ = {isa = PBXBuildFile; fileRef = D7D5C64D18D5DE6B003E676B /* main.m */; };
		D7D5C65218D5DE6B003E676B /* AppDelegate.m in Sources */ = {isa = PBXBuildFile; fileRef = D7D5C65118D5DE6B003E676B /* AppDelegate.m */; };
		D7D5C65518D5DE6B003E676B /* sampleCoredta.xcdatamodeld in Sources */ = {isa = PBXBuildFile; fileRef = D7D5C65318D5DE6B003E676B /* sampleCoredta.xcdatamodeld */; };
		D7D5C65718D5DE6B003E676B /* Images.xcassets in Resources */ = {isa = PBXBuildFile; fileRef = D7D5C65618D5DE6B003E676B /* Images.xcassets */; };
		D7D5C65E18D5DE6B003E676B /* XCTest.framework in Frameworks */ = {isa = PBXBuildFile; fileRef = D7D5C65D18D5DE6B003E676B /* XCTest.framework */; };
		D7D5C65F18D5DE6B003E676B /* Foundation.framework in Frameworks */ = {isa = PBXBuildFile; fileRef = D7D5C63F18D5DE6B003E676B /* Foundation.framework */; };
		D7D5C66018D5DE6B003E676B /* UIKit.framework in Frameworks */ = {isa = PBXBuildFile; fileRef = D7D5C64318D5DE6B003E676B /* UIKit.framework */; };
		D7D5C66118D5DE6B003E676B /* CoreData.framework in Frameworks */ = {isa = PBXBuildFile; fileRef = D7D5C64518D5DE6B003E676B /* CoreData.framework */; };
		D7D5C66918D5DE6B003E676B /* InfoPlist.strings in Resources */ = {isa = PBXBuildFile; fileRef = D7D5C66718D5DE6B003E676B /* InfoPlist.strings */; };
		D7D5C66B18D5DE6C003E676B /* sampleCoredtaTests.m in Sources */ = {isa = PBXBuildFile; fileRef = D7D5C66A18D5DE6C003E676B /* sampleCoredtaTests.m */; };
		D7D5C67C18D5DFFB003E676B /* AddDataViewController.m in Sources */ = {isa = PBXBuildFile; fileRef = D7D5C67A18D5DFFB003E676B /* AddDataViewController.m */; };
		D7D5C67D18D5DFFB003E676B /* AddDataViewController.xib in Resources */ = {isa = PBXBuildFile; fileRef = D7D5C67B18D5DFFB003E676B /* AddDataViewController.xib */; };
/* End PBXBuildFile section */

/* Begin PBXContainerItemProxy section */
		D7D5C66218D5DE6B003E676B /* PBXContainerItemProxy */ = {
			isa = PBXContainerItemProxy;
			containerPortal = D7D5C63418D5DE6B003E676B /* Project object */;
			proxyType = 1;
			remoteGlobalIDString = D7D5C63B18D5DE6B003E676B;
			remoteInfo = sampleCoredta;
		};
/* End PBXContainerItemProxy section */

/* Begin PBXFileReference section */
		D7B279651A7011A2003BD237 /* CaptureManager.h */ = {isa = PBXFileReference; fileEncoding = 4; lastKnownFileType = sourcecode.c.h; path = CaptureManager.h; sourceTree = "<group>"; };
		D7B279661A7011A2003BD237 /* CaptureManager.m */ = {isa = PBXFileReference; fileEncoding = 4; lastKnownFileType = sourcecode.c.objc; path = CaptureManager.m; sourceTree = "<group>"; };
		D7B279671A7011A2003BD237 /* UIImage+Utilities.h */ = {isa = PBXFileReference; fileEncoding = 4; lastKnownFileType = sourcecode.c.h; path = "UIImage+Utilities.h"; sourceTree = "<group>"; };
		D7B279681A7011A2003BD237 /* UIImage+Utilities.m */ = {isa = PBXFileReference; fileEncoding = 4; lastKnownFileType = sourcecode.c.objc; path = "UIImage+Utilities.m"; sourceTree = "<group>"; };
		D7B2796D1A7017E7003BD237 /* Plus_icon.png */ = {isa = PBXFileReference; lastKnownFileType = image.png; path = Plus_icon.png; sourceTree = "<group>"; };
		D7D5C63C18D5DE6B003E676B /* sampleCoredta.app */ = {isa = PBXFileReference; explicitFileType = wrapper.application; includeInIndex = 0; path = sampleCoredta.app; sourceTree = BUILT_PRODUCTS_DIR; };
		D7D5C63F18D5DE6B003E676B /* Foundation.framework */ = {isa = PBXFileReference; lastKnownFileType = wrapper.framework; name = Foundation.framework; path = System/Library/Frameworks/Foundation.framework; sourceTree = SDKROOT; };
		D7D5C64118D5DE6B003E676B /* CoreGraphics.framework */ = {isa = PBXFileReference; lastKnownFileType = wrapper.framework; name = CoreGraphics.framework; path = System/Library/Frameworks/CoreGraphics.framework; sourceTree = SDKROOT; };
		D7D5C64318D5DE6B003E676B /* UIKit.framework */ = {isa = PBXFileReference; lastKnownFileType = wrapper.framework; name = UIKit.framework; path = System/Library/Frameworks/UIKit.framework; sourceTree = SDKROOT; };
		D7D5C64518D5DE6B003E676B /* CoreData.framework */ = {isa = PBXFileReference; lastKnownFileType = wrapper.framework; name = CoreData.framework; path = System/Library/Frameworks/CoreData.framework; sourceTree = SDKROOT; };
		D7D5C64918D5DE6B003E676B /* sampleCoredta-Info.plist */ = {isa = PBXFileReference; lastKnownFileType = text.plist.xml; path = "sampleCoredta-Info.plist"; sourceTree = "<group>"; };
		D7D5C64B18D5DE6B003E676B /* en */ = {isa = PBXFileReference; lastKnownFileType = text.plist.strings; name = en; path = en.lproj/InfoPlist.strings; sourceTree = "<group>"; };
		D7D5C64D18D5DE6B003E676B /* main.m */ = {isa = PBXFileReference; lastKnownFileType = sourcecode.c.objc; path = main.m; sourceTree = "<group>"; };
		D7D5C64F18D5DE6B003E676B /* sampleCoredta-Prefix.pch */ = {isa = PBXFileReference; lastKnownFileType = sourcecode.c.h; path = "sampleCoredta-Prefix.pch"; sourceTree = "<group>"; };
		D7D5C65018D5DE6B003E676B /* AppDelegate.h */ = {isa = PBXFileReference; lastKnownFileType = sourcecode.c.h; path = AppDelegate.h; sourceTree = "<group>"; };
		D7D5C65118D5DE6B003E676B /* AppDelegate.m */ = {isa = PBXFileReference; lastKnownFileType = sourcecode.c.objc; path = AppDelegate.m; sourceTree = "<group>"; };
		D7D5C65418D5DE6B003E676B /* sampleCoredta.xcdatamodel */ = {isa = PBXFileReference; lastKnownFileType = wrapper.xcdatamodel; path = sampleCoredta.xcdatamodel; sourceTree = "<group>"; };
		D7D5C65618D5DE6B003E676B /* Images.xcassets */ = {isa = PBXFileReference; lastKnownFileType = folder.assetcatalog; path = Images.xcassets; sourceTree = "<group>"; };
		D7D5C65C18D5DE6B003E676B /* sampleCoredtaTests.xctest */ = {isa = PBXFileReference; explicitFileType = wrapper.cfbundle; includeInIndex = 0; path = sampleCoredtaTests.xctest; sourceTree = BUILT_PRODUCTS_DIR; };
		D7D5C65D18D5DE6B003E676B /* XCTest.framework */ = {isa = PBXFileReference; lastKnownFileType = wrapper.framework; name = XCTest.framework; path = Library/Frameworks/XCTest.framework; sourceTree = DEVELOPER_DIR; };
		D7D5C66618D5DE6B003E676B /* sampleCoredtaTests-Info.plist */ = {isa = PBXFileReference; lastKnownFileType = text.plist.xml; path = "sampleCoredtaTests-Info.plist"; sourceTree = "<group>"; };
		D7D5C66818D5DE6B003E676B /* en */ = {isa = PBXFileReference; lastKnownFileType = text.plist.strings; name = en; path = en.lproj/InfoPlist.strings; sourceTree = "<group>"; };
		D7D5C66A18D5DE6C003E676B /* sampleCoredtaTests.m */ = {isa = PBXFileReference; lastKnownFileType = sourcecode.c.objc; path = sampleCoredtaTests.m; sourceTree = "<group>"; };
		D7D5C67918D5DFFB003E676B /* AddDataViewController.h */ = {isa = PBXFileReference; fileEncoding = 4; lastKnownFileType = sourcecode.c.h; path = AddDataViewController.h; sourceTree = "<group>"; };
		D7D5C67A18D5DFFB003E676B /* AddDataViewController.m */ = {isa = PBXFileReference; fileEncoding = 4; lastKnownFileType = sourcecode.c.objc; path = AddDataViewController.m; sourceTree = "<group>"; };
		D7D5C67B18D5DFFB003E676B /* AddDataViewController.xib */ = {isa = PBXFileReference; fileEncoding = 4; lastKnownFileType = file.xib; path = AddDataViewController.xib; sourceTree = "<group>"; };
/* End PBXFileReference section */

/* Begin PBXFrameworksBuildPhase section */
		D7D5C63918D5DE6B003E676B /* Frameworks */ = {
			isa = PBXFrameworksBuildPhase;
			buildActionMask = 2147483647;
			files = (
				D7D5C64218D5DE6B003E676B /* CoreGraphics.framework in Frameworks */,
				D7D5C64618D5DE6B003E676B /* CoreData.framework in Frameworks */,
				D7D5C64418D5DE6B003E676B /* UIKit.framework in Frameworks */,
				D7D5C64018D5DE6B003E676B /* Foundation.framework in Frameworks */,
			);
			runOnlyForDeploymentPostprocessing = 0;
		};
		D7D5C65918D5DE6B003E676B /* Frameworks */ = {
			isa = PBXFrameworksBuildPhase;
			buildActionMask = 2147483647;
			files = (
				D7D5C65E18D5DE6B003E676B /* XCTest.framework in Frameworks */,
				D7D5C66118D5DE6B003E676B /* CoreData.framework in Frameworks */,
				D7D5C66018D5DE6B003E676B /* UIKit.framework in Frameworks */,
				D7D5C65F18D5DE6B003E676B /* Foundation.framework in Frameworks */,
			);
			runOnlyForDeploymentPostprocessing = 0;
		};
/* End PBXFrameworksBuildPhase section */

/* Begin PBXGroup section */
		D7D5C63318D5DE6B003E676B = {
			isa = PBXGroup;
			children = (
				D7D5C64718D5DE6B003E676B /* sampleCoredta */,
				D7D5C66418D5DE6B003E676B /* sampleCoredtaTests */,
				D7D5C63E18D5DE6B003E676B /* Frameworks */,
				D7D5C63D18D5DE6B003E676B /* Products */,
			);
			sourceTree = "<group>";
		};
		D7D5C63D18D5DE6B003E676B /* Products */ = {
			isa = PBXGroup;
			children = (
				D7D5C63C18D5DE6B003E676B /* sampleCoredta.app */,
				D7D5C65C18D5DE6B003E676B /* sampleCoredtaTests.xctest */,
			);
			name = Products;
			sourceTree = "<group>";
		};
		D7D5C63E18D5DE6B003E676B /* Frameworks */ = {
			isa = PBXGroup;
			children = (
				D7D5C63F18D5DE6B003E676B /* Foundation.framework */,
				D7D5C64118D5DE6B003E676B /* CoreGraphics.framework */,
				D7D5C64318D5DE6B003E676B /* UIKit.framework */,
				D7D5C64518D5DE6B003E676B /* CoreData.framework */,
				D7D5C65D18D5DE6B003E676B /* XCTest.framework */,
			);
			name = Frameworks;
			sourceTree = "<group>";
		};
		D7D5C64718D5DE6B003E676B /* sampleCoredta */ = {
			isa = PBXGroup;
			children = (
				D7D5C65018D5DE6B003E676B /* AppDelegate.h */,
				D7D5C65118D5DE6B003E676B /* AppDelegate.m */,
				D7D5C65618D5DE6B003E676B /* Images.xcassets */,
				D7B2796D1A7017E7003BD237 /* Plus_icon.png */,
				D7D5C65318D5DE6B003E676B /* sampleCoredta.xcdatamodeld */,
				D7B279651A7011A2003BD237 /* CaptureManager.h */,
				D7B279661A7011A2003BD237 /* CaptureManager.m */,
				D7B279671A7011A2003BD237 /* UIImage+Utilities.h */,
				D7B279681A7011A2003BD237 /* UIImage+Utilities.m */,
				D7D5C64818D5DE6B003E676B /* Supporting Files */,
				D7D5C67918D5DFFB003E676B /* AddDataViewController.h */,
				D7D5C67A18D5DFFB003E676B /* AddDataViewController.m */,
				D7D5C67B18D5DFFB003E676B /* AddDataViewController.xib */,
			);
			path = sampleCoredta;
			sourceTree = "<group>";
		};
		D7D5C64818D5DE6B003E676B /* Supporting Files */ = {
			isa = PBXGroup;
			children = (
				D7D5C64918D5DE6B003E676B /* sampleCoredta-Info.plist */,
				D7D5C64A18D5DE6B003E676B /* InfoPlist.strings */,
				D7D5C64D18D5DE6B003E676B /* main.m */,
				D7D5C64F18D5DE6B003E676B /* sampleCoredta-Prefix.pch */,
			);
			name = "Supporting Files";
			sourceTree = "<group>";
		};
		D7D5C66418D5DE6B003E676B /* sampleCoredtaTests */ = {
			isa = PBXGroup;
			children = (
				D7D5C66A18D5DE6C003E676B /* sampleCoredtaTests.m */,
				D7D5C66518D5DE6B003E676B /* Supporting Files */,
			);
			path = sampleCoredtaTests;
			sourceTree = "<group>";
		};
		D7D5C66518D5DE6B003E676B /* Supporting Files */ = {
			isa = PBXGroup;
			children = (
				D7D5C66618D5DE6B003E676B /* sampleCoredtaTests-Info.plist */,
				D7D5C66718D5DE6B003E676B /* InfoPlist.strings */,
			);
			name = "Supporting Files";
			sourceTree = "<group>";
		};
/* End PBXGroup section */

/* Begin PBXNativeTarget section */
		D7D5C63B18D5DE6B003E676B /* sampleCoredta */ = {
			isa = PBXNativeTarget;
			buildConfigurationList = D7D5C66E18D5DE6C003E676B /* Build configuration list for PBXNativeTarget "sampleCoredta" */;
			buildPhases = (
				D7D5C63818D5DE6B003E676B /* Sources */,
				D7D5C63918D5DE6B003E676B /* Frameworks */,
				D7D5C63A18D5DE6B003E676B /* Resources */,
			);
			buildRules = (
			);
			dependencies = (
			);
			name = sampleCoredta;
			productName = sampleCoredta;
			productReference = D7D5C63C18D5DE6B003E676B /* sampleCoredta.app */;
			productType = "com.apple.product-type.application";
		};
		D7D5C65B18D5DE6B003E676B /* sampleCoredtaTests */ = {
			isa = PBXNativeTarget;
			buildConfigurationList = D7D5C67118D5DE6C003E676B /* Build configuration list for PBXNativeTarget "sampleCoredtaTests" */;
			buildPhases = (
				D7D5C65818D5DE6B003E676B /* Sources */,
				D7D5C65918D5DE6B003E676B /* Frameworks */,
				D7D5C65A18D5DE6B003E676B /* Resources */,
			);
			buildRules = (
			);
			dependencies = (
				D7D5C66318D5DE6B003E676B /* PBXTargetDependency */,
			);
			name = sampleCoredtaTests;
			productName = sampleCoredtaTests;
			productReference = D7D5C65C18D5DE6B003E676B /* sampleCoredtaTests.xctest */;
			productType = "com.apple.product-type.bundle.unit-test";
		};
/* End PBXNativeTarget section */

/* Begin PBXProject section */
		D7D5C63418D5DE6B003E676B /* Project object */ = {
			isa = PBXProject;
			attributes = {
				LastUpgradeCheck = 0500;
				ORGANIZATIONNAME = DVReddy;
				TargetAttributes = {
					D7D5C65B18D5DE6B003E676B = {
						TestTargetID = D7D5C63B18D5DE6B003E676B;
					};
				};
			};
			buildConfigurationList = D7D5C63718D5DE6B003E676B /* Build configuration list for PBXProject "sampleCoredta" */;
			compatibilityVersion = "Xcode 3.2";
			developmentRegion = English;
			hasScannedForEncodings = 0;
			knownRegions = (
				en,
			);
			mainGroup = D7D5C63318D5DE6B003E676B;
			productRefGroup = D7D5C63D18D5DE6B003E676B /* Products */;
			projectDirPath = "";
			projectRoot = "";
			targets = (
				D7D5C63B18D5DE6B003E676B /* sampleCoredta */,
				D7D5C65B18D5DE6B003E676B /* sampleCoredtaTests */,
			);
		};
/* End PBXProject section */

/* Begin PBXResourcesBuildPhase section */
		D7D5C63A18D5DE6B003E676B /* Resources */ = {
			isa = PBXResourcesBuildPhase;
			buildActionMask = 2147483647;
			files = (
				D7B2796E1A7017E7003BD237 /* Plus_icon.png in Resources */,
				D7D5C64C18D5DE6B003E676B /* InfoPlist.strings in Resources */,
				D7D5C67D18D5DFFB003E676B /* AddDataViewController.xib in Resources */,
				D7D5C65718D5DE6B003E676B /* Images.xcassets in Resources */,
			);
			runOnlyForDeploymentPostprocessing = 0;
		};
		D7D5C65A18D5DE6B003E676B /* Resources */ = {
			isa = PBXResourcesBuildPhase;
			buildActionMask = 2147483647;
			files = (
				D7D5C66918D5DE6B003E676B /* InfoPlist.strings in Resources */,
			);
			runOnlyForDeploymentPostprocessing = 0;
		};
/* End PBXResourcesBuildPhase section */

/* Begin PBXSourcesBuildPhase section */
		D7D5C63818D5DE6B003E676B /* Sources */ = {
			isa = PBXSourcesBuildPhase;
			buildActionMask = 2147483647;
			files = (
				D7D5C67C18D5DFFB003E676B /* AddDataViewController.m in Sources */,
				D7D5C65218D5DE6B003E676B /* AppDelegate.m in Sources */,
				D7B279691A7011A2003BD237 /* CaptureManager.m in Sources */,
				D7D5C65518D5DE6B003E676B /* sampleCoredta.xcdatamodeld in Sources */,
				D7B2796A1A7011A2003BD237 /* UIImage+Utilities.m in Sources */,
				D7D5C64E18D5DE6B003E676B /* main.m in Sources */,
			);
			runOnlyForDeploymentPostprocessing = 0;
		};
		D7D5C65818D5DE6B003E676B /* Sources */ = {
			isa = PBXSourcesBuildPhase;
			buildActionMask = 2147483647;
			files = (
				D7D5C66B18D5DE6C003E676B /* sampleCoredtaTests.m in Sources */,
			);
			runOnlyForDeploymentPostprocessing = 0;
		};
/* End PBXSourcesBuildPhase section */

/* Begin PBXTargetDependency section */
		D7D5C66318D5DE6B003E676B /* PBXTargetDependency */ = {
			isa = PBXTargetDependency;
			target = D7D5C63B18D5DE6B003E676B /* sampleCoredta */;
			targetProxy = D7D5C66218D5DE6B003E676B /* PBXContainerItemProxy */;
		};
/* End PBXTargetDependency section */

/* Begin PBXVariantGroup section */
		D7D5C64A18D5DE6B003E676B /* InfoPlist.strings */ = {
			isa = PBXVariantGroup;
			children = (
				D7D5C64B18D5DE6B003E676B /* en */,
			);
			name = InfoPlist.strings;
			sourceTree = "<group>";
		};
		D7D5C66718D5DE6B003E676B /* InfoPlist.strings */ = {
			isa = PBXVariantGroup;
			children = (
				D7D5C66818D5DE6B003E676B /* en */,
			);
			name = InfoPlist.strings;
			sourceTree = "<group>";
		};
/* End PBXVariantGroup section */

/* Begin XCBuildConfiguration section */
		D7D5C66C18D5DE6C003E676B /* Debug */ = {
			isa = XCBuildConfiguration;
			buildSettings = {
				ALWAYS_SEARCH_USER_PATHS = NO;
				ARCHS = "$(ARCHS_STANDARD_INCLUDING_64_BIT)";
				CLANG_CXX_LANGUAGE_STANDARD = "gnu++0x";
				CLANG_CXX_LIBRARY = "libc++";
				CLANG_ENABLE_MODULES = YES;
				CLANG_ENABLE_OBJC_ARC = YES;
				CLANG_WARN_BOOL_CONVERSION = YES;
				CLANG_WARN_CONSTANT_CONVERSION = YES;
				CLANG_WARN_DIRECT_OBJC_ISA_USAGE = YES_ERROR;
				CLANG_WARN_EMPTY_BODY = YES;
				CLANG_WARN_ENUM_CONVERSION = YES;
				CLANG_WARN_INT_CONVERSION = YES;
				CLANG_WARN_OBJC_ROOT_CLASS = YES_ERROR;
				CLANG_WARN__DUPLICATE_METHOD_MATCH = YES;
				"CODE_SIGN_IDENTITY[sdk=iphoneos*]" = "iPhone Developer";
				COPY_PHASE_STRIP = NO;
				GCC_C_LANGUAGE_STANDARD = gnu99;
				GCC_DYNAMIC_NO_PIC = NO;
				GCC_OPTIMIZATION_LEVEL = 0;
				GCC_PREPROCESSOR_DEFINITIONS = (
					"DEBUG=1",
					"$(inherited)",
				);
				GCC_SYMBOLS_PRIVATE_EXTERN = NO;
				GCC_WARN_64_TO_32_BIT_CONVERSION = YES;
				GCC_WARN_ABOUT_RETURN_TYPE = YES_ERROR;
				GCC_WARN_UNDECLARED_SELECTOR = YES;
				GCC_WARN_UNINITIALIZED_AUTOS = YES;
				GCC_WARN_UNUSED_FUNCTION = YES;
				GCC_WARN_UNUSED_VARIABLE = YES;
				IPHONEOS_DEPLOYMENT_TARGET = 7.0;
				ONLY_ACTIVE_ARCH = YES;
				SDKROOT = iphoneos;
			};
			name = Debug;
		};
		D7D5C66D18D5DE6C003E676B /* Release */ = {
			isa = XCBuildConfiguration;
			buildSettings = {
				ALWAYS_SEARCH_USER_PATHS = NO;
				ARCHS = "$(ARCHS_STANDARD_INCLUDING_64_BIT)";
				CLANG_CXX_LANGUAGE_STANDARD = "gnu++0x";
				CLANG_CXX_LIBRARY = "libc++";
				CLANG_ENABLE_MODULES = YES;
				CLANG_ENABLE_OBJC_ARC = YES;
				CLANG_WARN_BOOL_CONVERSION = YES;
				CLANG_WARN_CONSTANT_CONVERSION = YES;
				CLANG_WARN_DIRECT_OBJC_ISA_USAGE = YES_ERROR;
				CLANG_WARN_EMPTY_BODY = YES;
				CLANG_WARN_ENUM_CONVERSION = YES;
				CLANG_WARN_INT_CONVERSION = YES;
				CLANG_WARN_OBJC_ROOT_CLASS = YES_ERROR;
				CLANG_WARN__DUPLICATE_METHOD_MATCH = YES;
				"CODE_SIGN_IDENTITY[sdk=iphoneos*]" = "iPhone Developer";
				COPY_PHASE_STRIP = YES;
				ENABLE_NS_ASSERTIONS = NO;
				GCC_C_LANGUAGE_STANDARD = gnu99;
				GCC_WARN_64_TO_32_BIT_CONVERSION = YES;
				GCC_WARN_ABOUT_RETURN_TYPE = YES_ERROR;
				GCC_WARN_UNDECLARED_SELECTOR = YES;
				GCC_WARN_UNINITIALIZED_AUTOS = YES;
				GCC_WARN_UNUSED_FUNCTION = YES;
				GCC_WARN_UNUSED_VARIABLE = YES;
				IPHONEOS_DEPLOYMENT_TARGET = 7.0;
				SDKROOT = iphoneos;
				VALIDATE_PRODUCT = YES;
			};
			name = Release;
		};
		D7D5C66F18D5DE6C003E676B /* Debug */ = {
			isa = XCBuildConfiguration;
			buildSettings = {
				ASSETCATALOG_COMPILER_APPICON_NAME = AppIcon;
				ASSETCATALOG_COMPILER_LAUNCHIMAGE_NAME = LaunchImage;
				GCC_PRECOMPILE_PREFIX_HEADER = YES;
				GCC_PREFIX_HEADER = "sampleCoredta/sampleCoredta-Prefix.pch";
				INFOPLIST_FILE = "sampleCoredta/sampleCoredta-Info.plist";
				PRODUCT_NAME = "$(TARGET_NAME)";
				WRAPPER_EXTENSION = app;
			};
			name = Debug;
		};
		D7D5C67018D5DE6C003E676B /* Release */ = {
			isa = XCBuildConfiguration;
			buildSettings = {
				ASSETCATALOG_COMPILER_APPICON_NAME = AppIcon;
				ASSETCATALOG_COMPILER_LAUNCHIMAGE_NAME = LaunchImage;
				GCC_PRECOMPILE_PREFIX_HEADER = YES;
				GCC_PREFIX_HEADER = "sampleCoredta/sampleCoredta-Prefix.pch";
				INFOPLIST_FILE = "sampleCoredta/sampleCoredta-Info.plist";
				PRODUCT_NAME = "$(TARGET_NAME)";
				WRAPPER_EXTENSION = app;
			};
			name = Release;
		};
		D7D5C67218D5DE6C003E676B /* Debug */ = {
			isa = XCBuildConfiguration;
			buildSettings = {
				ARCHS = "$(ARCHS_STANDARD_INCLUDING_64_BIT)";
				BUNDLE_LOADER = "$(BUILT_PRODUCTS_DIR)/sampleCoredta.app/sampleCoredta";
				FRAMEWORK_SEARCH_PATHS = (
					"$(SDKROOT)/Developer/Library/Frameworks",
					"$(inherited)",
					"$(DEVELOPER_FRAMEWORKS_DIR)",
				);
				GCC_PRECOMPILE_PREFIX_HEADER = YES;
				GCC_PREFIX_HEADER = "sampleCoredta/sampleCoredta-Prefix.pch";
				GCC_PREPROCESSOR_DEFINITIONS = (
					"DEBUG=1",
					"$(inherited)",
				);
				INFOPLIST_FILE = "sampleCoredtaTests/sampleCoredtaTests-Info.plist";
				PRODUCT_NAME = "$(TARGET_NAME)";
				TEST_HOST = "$(BUNDLE_LOADER)";
				WRAPPER_EXTENSION = xctest;
			};
			name = Debug;
		};
		D7D5C67318D5DE6C003E676B /* Release */ = {
			isa = XCBuildConfiguration;
			buildSettings = {
				ARCHS = "$(ARCHS_STANDARD_INCLUDING_64_BIT)";
				BUNDLE_LOADER = "$(BUILT_PRODUCTS_DIR)/sampleCoredta.app/sampleCoredta";
				FRAMEWORK_SEARCH_PATHS = (
					"$(SDKROOT)/Developer/Library/Frameworks",
					"$(inherited)",
					"$(DEVELOPER_FRAMEWORKS_DIR)",
				);
				GCC_PRECOMPILE_PREFIX_HEADER = YES;
				GCC_PREFIX_HEADER = "sampleCoredta/sampleCoredta-Prefix.pch";
				INFOPLIST_FILE = "sampleCoredtaTests/sampleCoredtaTests-Info.plist";
				PRODUCT_NAME = "$(TARGET_NAME)";
				TEST_HOST = "$(BUNDLE_LOADER)";
				WRAPPER_EXTENSION = xctest;
			};
			name = Release;
		};
/* End XCBuildConfiguration section */

/* Begin XCConfigurationList section */
		D7D5C63718D5DE6B003E676B /* Build configuration list for PBXProject "sampleCoredta" */ = {
			isa = XCConfigurationList;
			buildConfigurations = (
				D7D5C66C18D5DE6C003E676B /* Debug */,
				D7D5C66D18D5DE6C003E676B /* Release */,
			);
			defaultConfigurationIsVisible = 0;
			defaultConfigurationName = Release;
		};
		D7D5C66E18D5DE6C003E676B /* Build configuration list for PBXNativeTarget "sampleCoredta" */ = {
			isa = XCConfigurationList;
			buildConfigurations = (
				D7D5C66F18D5DE6C003E676B /* Debug */,
				D7D5C67018D5DE6C003E676B /* Release */,
			);
			defaultConfigurationIsVisible = 0;
			defaultConfigurationName = Release;
		};
		D7D5C67118D5DE6C003E676B /* Build configuration list for PBXNativeTarget "sampleCoredtaTests" */ = {
			isa = XCConfigurationList;
			buildConfigurations = (
				D7D5C67218D5DE6C003E676B /* Debug */,
				D7D5C67318D5DE6C003E676B /* Release */,
			);
			defaultConfigurationIsVisible = 0;
			defaultConfigurationName = Release;
		};
/* End XCConfigurationList section */

/* Begin XCVersionGroup section */
		D7D5C65318D5DE6B003E676B /* sampleCoredta.xcdatamodeld */ = {
			isa = XCVersionGroup;
			children = (
				D7D5C65418D5DE6B003E676B /* sampleCoredta.xcdatamodel */,
			);
			currentVersion = D7D5C65418D5DE6B003E676B /* sampleCoredta.xcdatamodel */;
			path = sampleCoredta.xcdatamodeld;
			sourceTree = "<group>";
			versionGroupType = wrapper.xcdatamodel;
		};
/* End XCVersionGroup section */
	};
	rootObject = D7D5C63418D5DE6B003E676B /* Project object */;
}
